{
  "name": "demo-podolski",
  "version": "1.0.0",
  "lockfileVersion": 1,
  "requires": true,
  "dependencies": {
    "@fluid-music/kit": {
      "version": "2.0.0",
      "resolved": "https://registry.npmjs.org/@fluid-music/kit/-/kit-2.0.0.tgz",
      "integrity": "sha512-sS56DaJjhNdcqGkNE6O3yA07djoohR2trTyoDaWmrPvyQ5EN6BBo0ERHRxx6wCnh9drVpItCwK99teWoIh5AfQ=="
    },
    "ramda": {
      "version": "0.27.0",
      "resolved": "https://registry.npmjs.org/ramda/-/ramda-0.27.0.tgz",
      "integrity": "sha512-pVzZdDpWwWqEVVLshWUHjNwuVP7SfcmPraYuqocJp1yo2U1R7P+5QAfDhdItkuoGqIBnBYrtPp7rEPqDn9HlZA=="
    }
  }
}
